
Microsoft Visual Studio Solution File, Format Version 12.00
# Visual Studio Version 17
VisualStudioVersion = 17.3.32825.248
MinimumVisualStudioVersion = 10.0.40219.1
Project("{FAE04EC0-301F-11D3-BF4B-00C04F79EFBC}") = "ProcesamientoDeImagenes", "ProcesamientoDeImagenes\ProcesamientoDeImagenes.csproj", "{5896973B-8FEA-4750-8355-632E31C6AD8B}"
EndProject
Global
	GlobalSection(SolutionConfigurationPlatforms) = preSolution
		Debug|Any CPU = Debug|Any CPU
		Release|Any CPU = Release|Any CPU
	EndGlobalSection
	GlobalSection(ProjectConfigurationPlatforms) = postSolution
		{5896973B-8FEA-4750-8355-632E31C6AD8B}.Debug|Any CPU.ActiveCfg = Debug|Any CPU
		{5896973B-8FEA-4750-8355-632E31C6AD8B}.Debug|Any CPU.Build.0 = Debug|Any CPU
		{5896973B-8FEA-4750-8355-632E31C6AD8B}.Release|Any CPU.ActiveCfg = Release|Any CPU
		{5896973B-8FEA-4750-8355-632E31C6AD8B}.Release|Any CPU.Build.0 = Release|Any CPU
	EndGlobalSection
	GlobalSection(SolutionProperties) = preSolution
		HideSolutionNode = FALSE
	EndGlobalSection
	GlobalSection(ExtensibilityGlobals) = postSolution
		SolutionGuid = {61639295-5678-4117-98DF-AA634CD36A82}
	EndGlobalSection
EndGlobal
